// !$*UTF8*$!
{
	archiveVersion = 1;
	classes = {
	};
	objectVersion = 46;
	objects = {

/* Begin PBXBuildFile section */
		873AA10B1A382BDB004CDDE6 /* main.m in Sources */ = {isa = PBXBuildFile; fileRef = 873AA10A1A382BDB004CDDE6 /* main.m */; };
		873AA10E1A382BDB004CDDE6 /* AppDelegate.m in Sources */ = {isa = PBXBuildFile; fileRef = 873AA10D1A382BDB004CDDE6 /* AppDelegate.m */; };
		873AA1111A382BDB004CDDE6 /* ViewController.m in Sources */ = {isa = PBXBuildFile; fileRef = 873AA1101A382BDB004CDDE6 /* ViewController.m */; };
		873AA1141A382BDB004CDDE6 /* Main.storyboard in Resources */ = {isa = PBXBuildFile; fileRef = 873AA1121A382BDB004CDDE6 /* Main.storyboard */; };
		873AA1161A382BDC004CDDE6 /* Images.xcassets in Resources */ = {isa = PBXBuildFile; fileRef = 873AA1151A382BDC004CDDE6 /* Images.xcassets */; };
		873AA1191A382BDC004CDDE6 /* LaunchScreen.xib in Resources */ = {isa = PBXBuildFile; fileRef = 873AA1171A382BDC004CDDE6 /* LaunchScreen.xib */; };
		873AA1251A382BDC004CDDE6 /* SnatchItTests.m in Sources */ = {isa = PBXBuildFile; fileRef = 873AA1241A382BDC004CDDE6 /* SnatchItTests.m */; };
/* End PBXBuildFile section */

/* Begin PBXContainerItemProxy section */
		873AA11F1A382BDC004CDDE6 /* PBXContainerItemProxy */ = {
			isa = PBXContainerItemProxy;
			containerPortal = 873AA0FD1A382BDB004CDDE6 /* Project object */;
			proxyType = 1;
			remoteGlobalIDString = 873AA1041A382BDB004CDDE6;
			remoteInfo = SnatchIt;
		};
/* End PBXContainerItemProxy section */

/* Begin PBXFileReference section */
		873AA1051A382BDB004CDDE6 /* SnatchIt.app */ = {isa = PBXFileReference; explicitFileType = wrapper.application; includeInIndex = 0; path = SnatchIt.app; sourceTree = BUILT_PRODUCTS_DIR; };
		873AA1091A382BDB004CDDE6 /* Info.plist */ = {isa = PBXFileReference; lastKnownFileType = text.plist.xml; path = Info.plist; sourceTree = "<group>"; };
		873AA10A1A382BDB004CDDE6 /* main.m */ = {isa = PBXFileReference; lastKnownFileType = sourcecode.c.objc; path = main.m; sourceTree = "<group>"; };
		873AA10C1A382BDB004CDDE6 /* AppDelegate.h */ = {isa = PBXFileReference; lastKnownFileType = sourcecode.c.h; path = AppDelegate.h; sourceTree = "<group>"; };
		873AA10D1A382BDB004CDDE6 /* AppDelegate.m */ = {isa = PBXFileReference; lastKnownFileType = sourcecode.c.objc; path = AppDelegate.m; sourceTree = "<group>"; };
		873AA10F1A382BDB004CDDE6 /* ViewController.h */ = {isa = PBXFileReference; lastKnownFileType = sourcecode.c.h; path = ViewController.h; sourceTree = "<group>"; };
		873AA1101A382BDB004CDDE6 /* ViewController.m */ = {isa = PBXFileReference; lastKnownFileType = sourcecode.c.objc; path = ViewController.m; sourceTree = "<group>"; };
		873AA1131A382BDB004CDDE6 /* Base */ = {isa = PBXFileReference; lastKnownFileType = file.storyboard; name = Base; path = Base.lproj/Main.storyboard; sourceTree = "<group>"; };
		873AA1151A382BDC004CDDE6 /* Images.xcassets */ = {isa = PBXFileReference; lastKnownFileType = folder.assetcatalog; path = Images.xcassets; sourceTree = "<group>"; };
		873AA1181A382BDC004CDDE6 /* Base */ = {isa = PBXFileReference; lastKnownFileType = file.xib; name = Base; path = Base.lproj/LaunchScreen.xib; sourceTree = "<group>"; };
		873AA11E1A382BDC004CDDE6 /* SnatchItTests.xctest */ = {isa = PBXFileReference; explicitFileType = wrapper.cfbundle; includeInIndex = 0; path = SnatchItTests.xctest; sourceTree = BUILT_PRODUCTS_DIR; };
		873AA1231A382BDC004CDDE6 /* Info.plist */ = {isa = PBXFileReference; lastKnownFileType = text.plist.xml; path = Info.plist; sourceTree = "<group>"; };
		873AA1241A382BDC004CDDE6 /* SnatchItTests.m */ = {isa = PBXFileReference; lastKnownFileType = sourcecode.c.objc; path = SnatchItTests.m; sourceTree = "<group>"; };
/* End PBXFileReference section */

/* Begin PBXFrameworksBuildPhase section */
		873AA1021A382BDB004CDDE6 /* Frameworks */ = {
			isa = PBXFrameworksBuildPhase;
			buildActionMask = 2147483647;
			files = (
			);
			runOnlyForDeploymentPostprocessing = 0;
		};
		873AA11B1A382BDC004CDDE6 /* Frameworks */ = {
			isa = PBXFrameworksBuildPhase;
			buildActionMask = 2147483647;
			files = (
			);
			runOnlyForDeploymentPostprocessing = 0;
		};
/* End PBXFrameworksBuildPhase section */

/* Begin PBXGroup section */
		873AA0FC1A382BDB004CDDE6 = {
			isa = PBXGroup;
			children = (
				873AA1071A382BDB004CDDE6 /* SnatchIt */,
				873AA1211A382BDC004CDDE6 /* SnatchItTests */,
				873AA1061A382BDB004CDDE6 /* Products */,
			);
			sourceTree = "<group>";
		};
		873AA1061A382BDB004CDDE6 /* Products */ = {
			isa = PBXGroup;
			children = (
				873AA1051A382BDB004CDDE6 /* SnatchIt.app */,
				873AA11E1A382BDC004CDDE6 /* SnatchItTests.xctest */,
			);
			name = Products;
			sourceTree = "<group>";
		};
		873AA1071A382BDB004CDDE6 /* SnatchIt */ = {
			isa = PBXGroup;
			children = (
				873AA10C1A382BDB004CDDE6 /* AppDelegate.h */,
				873AA10D1A382BDB004CDDE6 /* AppDelegate.m */,
				873AA10F1A382BDB004CDDE6 /* ViewController.h */,
				873AA1101A382BDB004CDDE6 /* ViewController.m */,
				873AA1121A382BDB004CDDE6 /* Main.storyboard */,
				873AA1151A382BDC004CDDE6 /* Images.xcassets */,
				873AA1171A382BDC004CDDE6 /* LaunchScreen.xib */,
				873AA1081A382BDB004CDDE6 /* Supporting Files */,
			);
			path = SnatchIt;
			sourceTree = "<group>";
		};
		873AA1081A382BDB004CDDE6 /* Supporting Files */ = {
			isa = PBXGroup;
			children = (
				873AA1091A382BDB004CDDE6 /* Info.plist */,
				873AA10A1A382BDB004CDDE6 /* main.m */,
			);
			name = "Supporting Files";
			sourceTree = "<group>";
		};
		873AA1211A382BDC004CDDE6 /* SnatchItTests */ = {
			isa = PBXGroup;
			children = (
				873AA1241A382BDC004CDDE6 /* SnatchItTests.m */,
				873AA1221A382BDC004CDDE6 /* Supporting Files */,
			);
			path = SnatchItTests;
			sourceTree = "<group>";
		};
		873AA1221A382BDC004CDDE6 /* Supporting Files */ = {
			isa = PBXGroup;
			children = (
				873AA1231A382BDC004CDDE6 /* Info.plist */,
			);
			name = "Supporting Files";
			sourceTree = "<group>";
		};
/* End PBXGroup section */

/* Begin PBXNativeTarget section */
		873AA1041A382BDB004CDDE6 /* SnatchIt */ = {
			isa = PBXNativeTarget;
			buildConfigurationList = 873AA1281A382BDC004CDDE6 /* Build configuration list for PBXNativeTarget "SnatchIt" */;
			buildPhases = (
				873AA1011A382BDB004CDDE6 /* Sources */,
				873AA1021A382BDB004CDDE6 /* Frameworks */,
				873AA1031A382BDB004CDDE6 /* Resources */,
			);
			buildRules = (
			);
			dependencies = (
			);
			name = SnatchIt;
			productName = SnatchIt;
			productReference = 873AA1051A382BDB004CDDE6 /* SnatchIt.app */;
			productType = "com.apple.product-type.application";
		};
		873AA11D1A382BDC004CDDE6 /* SnatchItTests */ = {
			isa = PBXNativeTarget;
			buildConfigurationList = 873AA12B1A382BDC004CDDE6 /* Build configuration list for PBXNativeTarget "SnatchItTests" */;
			buildPhases = (
				873AA11A1A382BDC004CDDE6 /* Sources */,
				873AA11B1A382BDC004CDDE6 /* Frameworks */,
				873AA11C1A382BDC004CDDE6 /* Resources */,
			);
			buildRules = (
			);
			dependencies = (
				873AA1201A382BDC004CDDE6 /* PBXTargetDependency */,
			);
			name = SnatchItTests;
			productName = SnatchItTests;
			productReference = 873AA11E1A382BDC004CDDE6 /* SnatchItTests.xctest */;
			productType = "com.apple.product-type.bundle.unit-test";
		};
/* End PBXNativeTarget section */

/* Begin PBXProject section */
		873AA0FD1A382BDB004CDDE6 /* Project object */ = {
			isa = PBXProject;
			attributes = {
				LastUpgradeCheck = 0610;
				ORGANIZATIONNAME = Tungsten;
				TargetAttributes = {
					873AA1041A382BDB004CDDE6 = {
						CreatedOnToolsVersion = 6.1.1;
					};
					873AA11D1A382BDC004CDDE6 = {
						CreatedOnToolsVersion = 6.1.1;
						TestTargetID = 873AA1041A382BDB004CDDE6;
					};
				};
			};
			buildConfigurationList = 873AA1001A382BDB004CDDE6 /* Build configuration list for PBXProject "SnatchIt" */;
			compatibilityVersion = "Xcode 3.2";
			developmentRegion = English;
			hasScannedForEncodings = 0;
			knownRegions = (
				en,
				Base,
			);
			mainGroup = 873AA0FC1A382BDB004CDDE6;
			productRefGroup = 873AA1061A382BDB004CDDE6 /* Products */;
			projectDirPath = "";
			projectRoot = "";
			targets = (
				873AA1041A382BDB004CDDE6 /* SnatchIt */,
				873AA11D1A382BDC004CDDE6 /* SnatchItTests */,
			);
		};
/* End PBXProject section */

/* Begin PBXResourcesBuildPhase section */
		873AA1031A382BDB004CDDE6 /* Resources */ = {
			isa = PBXResourcesBuildPhase;
			buildActionMask = 2147483647;
			files = (
				873AA1141A382BDB004CDDE6 /* Main.storyboard in Resources */,
				873AA1191A382BDC004CDDE6 /* LaunchScreen.xib in Resources */,
				873AA1161A382BDC004CDDE6 /* Images.xcassets in Resources */,
			);
			runOnlyForDeploymentPostprocessing = 0;
		};
		873AA11C1A382BDC004CDDE6 /* Resources */ = {
			isa = PBXResourcesBuildPhase;
			buildActionMask = 2147483647;
			files = (
			);
			runOnlyForDeploymentPostprocessing = 0;
		};
/* End PBXResourcesBuildPhase section */

/* Begin PBXSourcesBuildPhase section */
		873AA1011A382BDB004CDDE6 /* Sources */ = {
			isa = PBXSourcesBuildPhase;
			buildActionMask = 2147483647;
			files = (
				873AA1111A382BDB004CDDE6 /* ViewController.m in Sources */,
				873AA10E1A382BDB004CDDE6 /* AppDelegate.m in Sources */,
				873AA10B1A382BDB004CDDE6 /* main.m in Sources */,
			);
			runOnlyForDeploymentPostprocessing = 0;
		};
		873AA11A1A382BDC004CDDE6 /* Sources */ = {
			isa = PBXSourcesBuildPhase;
			buildActionMask = 2147483647;
			files = (
				873AA1251A382BDC004CDDE6 /* SnatchItTests.m in Sources */,
			);
			runOnlyForDeploymentPostprocessing = 0;
		};
/* End PBXSourcesBuildPhase section */

/* Begin PBXTargetDependency section */
		873AA1201A382BDC004CDDE6 /* PBXTargetDependency */ = {
			isa = PBXTargetDependency;
			target = 873AA1041A382BDB004CDDE6 /* SnatchIt */;
			targetProxy = 873AA11F1A382BDC004CDDE6 /* PBXContainerItemProxy */;
		};
/* End PBXTargetDependency section */

/* Begin PBXVariantGroup section */
		873AA1121A382BDB004CDDE6 /* Main.storyboard */ = {
			isa = PBXVariantGroup;
			children = (
				873AA1131A382BDB004CDDE6 /* Base */,
			);
			name = Main.storyboard;
			sourceTree = "<group>";
		};
		873AA1171A382BDC004CDDE6 /* LaunchScreen.xib */ = {
			isa = PBXVariantGroup;
			children = (
				873AA1181A382BDC004CDDE6 /* Base */,
			);
			name = LaunchScreen.xib;
			sourceTree = "<group>";
		};
/* End PBXVariantGroup section */

/* Begin XCBuildConfiguration section */
		873AA1261A382BDC004CDDE6 /* Debug */ = {
			isa = XCBuildConfiguration;
			buildSettings = {
				ALWAYS_SEARCH_USER_PATHS = NO;
				CLANG_CXX_LANGUAGE_STANDARD = "gnu++0x";
				CLANG_CXX_LIBRARY = "libc++";
				CLANG_ENABLE_MODULES = YES;
				CLANG_ENABLE_OBJC_ARC = YES;
				CLANG_WARN_BOOL_CONVERSION = YES;
				CLANG_WARN_CONSTANT_CONVERSION = YES;
				CLANG_WARN_DIRECT_OBJC_ISA_USAGE = YES_ERROR;
				CLANG_WARN_EMPTY_BODY = YES;
				CLANG_WARN_ENUM_CONVERSION = YES;
				CLANG_WARN_INT_CONVERSION = YES;
				CLANG_WARN_OBJC_ROOT_CLASS = YES_ERROR;
				CLANG_WARN_UNREACHABLE_CODE = YES;
				CLANG_WARN__DUPLICATE_METHOD_MATCH = YES;
				"CODE_SIGN_IDENTITY[sdk=iphoneos*]" = "iPhone Developer";
				COPY_PHASE_STRIP = NO;
				ENABLE_STRICT_OBJC_MSGSEND = YES;
				GCC_C_LANGUAGE_STANDARD = gnu99;
				GCC_DYNAMIC_NO_PIC = NO;
				GCC_OPTIMIZATION_LEVEL = 0;
				GCC_PREPROCESSOR_DEFINITIONS = (
					"DEBUG=1",
					"$(inherited)",
				);
				GCC_SYMBOLS_PRIVATE_EXTERN = NO;
				GCC_WARN_64_TO_32_BIT_CONVERSION = YES;
				GCC_WARN_ABOUT_RETURN_TYPE = YES_ERROR;
				GCC_WARN_UNDECLARED_SELECTOR = YES;
				GCC_WARN_UNINITIALIZED_AUTOS = YES_AGGRESSIVE;
				GCC_WARN_UNUSED_FUNCTION = YES;
				GCC_WARN_UNUSED_VARIABLE = YES;
				IPHONEOS_DEPLOYMENT_TARGET = 8.1;
				MTL_ENABLE_DEBUG_INFO = YES;
				ONLY_ACTIVE_ARCH = YES;
				SDKROOT = iphoneos;
			};
			name = Debug;
		};
		873AA1271A382BDC004CDDE6 /* Release */ = {
			isa = XCBuildConfiguration;
			buildSettings = {
				ALWAYS_SEARCH_USER_PATHS = NO;
				CLANG_CXX_LANGUAGE_STANDARD = "gnu++0x";
				CLANG_CXX_LIBRARY = "libc++";
				CLANG_ENABLE_MODULES = YES;
				CLANG_ENABLE_OBJC_ARC = YES;
				CLANG_WARN_BOOL_CONVERSION = YES;
				CLANG_WARN_CONSTANT_CONVERSION = YES;
				CLANG_WARN_DIRECT_OBJC_ISA_USAGE = YES_ERROR;
				CLANG_WARN_EMPTY_BODY = YES;
				CLANG_WARN_ENUM_CONVERSION = YES;
				CLANG_WARN_INT_CONVERSION = YES;
				CLANG_WARN_OBJC_ROOT_CLASS = YES_ERROR;
				CLANG_WARN_UNREACHABLE_CODE = YES;
				CLANG_WARN__DUPLICATE_METHOD_MATCH = YES;
				"CODE_SIGN_IDENTITY[sdk=iphoneos*]" = "iPhone Developer";
				COPY_PHASE_STRIP = YES;
				ENABLE_NS_ASSERTIONS = NO;
				ENABLE_STRICT_OBJC_MSGSEND = YES;
				GCC_C_LANGUAGE_STANDARD = gnu99;
				GCC_WARN_64_TO_32_BIT_CONVERSION = YES;
				GCC_WARN_ABOUT_RETURN_TYPE = YES_ERROR;
				GCC_WARN_UNDECLARED_SELECTOR = YES;
				GCC_WARN_UNINITIALIZED_AUTOS = YES_AGGRESSIVE;
				GCC_WARN_UNUSED_FUNCTION = YES;
				GCC_WARN_UNUSED_VARIABLE = YES;
				IPHONEOS_DEPLOYMENT_TARGET = 8.1;
				MTL_ENABLE_DEBUG_INFO = NO;
				SDKROOT = iphoneos;
				VALIDATE_PRODUCT = YES;
			};
			name = Release;
		};
		873AA1291A382BDC004CDDE6 /* Debug */ = {
			isa = XCBuildConfiguration;
			buildSettings = {
				ASSETCATALOG_COMPILER_APPICON_NAME = AppIcon;
				INFOPLIST_FILE = SnatchIt/Info.plist;
				LD_RUNPATH_SEARCH_PATHS = "$(inherited) @executable_path/Frameworks";
				PRODUCT_NAME = "$(TARGET_NAME)";
			};
			name = Debug;
		};
		873AA12A1A382BDC004CDDE6 /* Release */ = {
			isa = XCBuildConfiguration;
			buildSettings = {
				ASSETCATALOG_COMPILER_APPICON_NAME = AppIcon;
				INFOPLIST_FILE = SnatchIt/Info.plist;
				LD_RUNPATH_SEARCH_PATHS = "$(inherited) @executable_path/Frameworks";
				PRODUCT_NAME = "$(TARGET_NAME)";
			};
			name = Release;
		};
		873AA12C1A382BDC004CDDE6 /* Debug */ = {
			isa = XCBuildConfiguration;
			buildSettings = {
				BUNDLE_LOADER = "$(TEST_HOST)";
				FRAMEWORK_SEARCH_PATHS = (
					"$(SDKROOT)/Developer/Library/Frameworks",
					"$(inherited)",
				);
				GCC_PREPROCESSOR_DEFINITIONS = (
					"DEBUG=1",
					"$(inherited)",
				);
				INFOPLIST_FILE = SnatchItTests/Info.plist;
				LD_RUNPATH_SEARCH_PATHS = "$(inherited) @executable_path/Frameworks @loader_path/Frameworks";
				PRODUCT_NAME = "$(TARGET_NAME)";
				TEST_HOST = "$(BUILT_PRODUCTS_DIR)/SnatchIt.app/SnatchIt";
			};
			name = Debug;
		};
		873AA12D1A382BDC004CDDE6 /* Release */ = {
			isa = XCBuildConfiguration;
			buildSettings = {
				BUNDLE_LOADER = "$(TEST_HOST)";
				FRAMEWORK_SEARCH_PATHS = (
					"$(SDKROOT)/Developer/Library/Frameworks",
					"$(inherited)",
				);
				INFOPLIST_FILE = SnatchItTests/Info.plist;
				LD_RUNPATH_SEARCH_PATHS = "$(inherited) @executable_path/Frameworks @loader_path/Frameworks";
				PRODUCT_NAME = "$(TARGET_NAME)";
				TEST_HOST = "$(BUILT_PRODUCTS_DIR)/SnatchIt.app/SnatchIt";
			};
			name = Release;
		};
/* End XCBuildConfiguration section */

/* Begin XCConfigurationList section */
		873AA1001A382BDB004CDDE6 /* Build configuration list for PBXProject "SnatchIt" */ = {
			isa = XCConfigurationList;
			buildConfigurations = (
				873AA1261A382BDC004CDDE6 /* Debug */,
				873AA1271A382BDC004CDDE6 /* Release */,
			);
			defaultConfigurationIsVisible = 0;
			defaultConfigurationName = Release;
		};
		873AA1281A382BDC004CDDE6 /* Build configuration list for PBXNativeTarget "SnatchIt" */ = {
			isa = XCConfigurationList;
			buildConfigurations = (
				873AA1291A382BDC004CDDE6 /* Debug */,
				873AA12A1A382BDC004CDDE6 /* Release */,
			);
			defaultConfigurationIsVisible = 0;
		};
		873AA12B1A382BDC004CDDE6 /* Build configuration list for PBXNativeTarget "SnatchItTests" */ = {
			isa = XCConfigurationList;
			buildConfigurations = (
				873AA12C1A382BDC004CDDE6 /* Debug */,
				873AA12D1A382BDC004CDDE6 /* Release */,
			);
			defaultConfigurationIsVisible = 0;
		};
/* End XCConfigurationList section */
	};
	rootObject = 873AA0FD1A382BDB004CDDE6 /* Project object */;
}
